// !$*UTF8*$!
{
	archiveVersion = 1;
	classes = {
	};
	objectVersion = 77;
	objects = {

/* Begin PBXBuildFile section */
		F95F39D22FFF00050077CCE6 /* AppIcon.icon in Resources */ = {isa = PBXBuildFile; fileRef = F95F39D12FFF00040077CCE6 /* AppIcon.icon */; };
		F95F39D52FFF00080077CCE6 /* Sparkle in Frameworks */ = {isa = PBXBuildFile; productRef = F95F39D42FFF00070077CCE6 /* Sparkle */; };
/* End PBXBuildFile section */

/* Begin PBXContainerItemProxy section */
		F95F39592FB8B2260077CCE6 /* PBXContainerItemProxy */ = {
			isa = PBXContainerItemProxy;
			containerPortal = F95F39412FB8B2240077CCE6 /* Project object */;
			proxyType = 1;
			remoteGlobalIDString = F95F39482FB8B2240077CCE6;
			remoteInfo = crona;
		};
		F95F39632FB8B2260077CCE6 /* PBXContainerItemProxy */ = {
			isa = PBXContainerItemProxy;
			containerPortal = F95F39412FB8B2240077CCE6 /* Project object */;
			proxyType = 1;
			remoteGlobalIDString = F95F39482FB8B2240077CCE6;
			remoteInfo = crona;
		};
/* End PBXContainerItemProxy section */

/* Begin PBXFileReference section */
		F95F39492FB8B2240077CCE6 /* crona.app */ = {isa = PBXFileReference; explicitFileType = wrapper.application; includeInIndex = 0; path = crona.app; sourceTree = BUILT_PRODUCTS_DIR; };
		F95F39582FB8B2260077CCE6 /* cronaTests.xctest */ = {isa = PBXFileReference; explicitFileType = wrapper.cfbundle; includeInIndex = 0; path = cronaTests.xctest; sourceTree = BUILT_PRODUCTS_DIR; };
		F95F39622FB8B2260077CCE6 /* cronaUITests.xctest */ = {isa = PBXFileReference; explicitFileType = wrapper.cfbundle; includeInIndex = 0; path = cronaUITests.xctest; sourceTree = BUILT_PRODUCTS_DIR; };
		F95F39CE2FFF00010077CCE6 /* Config/Base.xcconfig */ = {isa = PBXFileReference; lastKnownFileType = text.xcconfig; path = Config/Base.xcconfig; sourceTree = "<group>"; };
		F95F39CF2FFF00020077CCE6 /* Config/Debug.xcconfig */ = {isa = PBXFileReference; lastKnownFileType = text.xcconfig; path = Config/Debug.xcconfig; sourceTree = "<group>"; };
		F95F39D02FFF00030077CCE6 /* Config/Release.xcconfig */ = {isa = PBXFileReference; lastKnownFileType = text.xcconfig; path = Config/Release.xcconfig; sourceTree = "<group>"; };
		F95F39D12FFF00040077CCE6 /* AppIcon.icon */ = {isa = PBXFileReference; lastKnownFileType = folder.iconcomposer.icon; path = AppIcon.icon; sourceTree = "<group>"; };
/* End PBXFileReference section */

/* Begin PBXFileSystemSynchronizedRootGroup section */
		F95F394B2FB8B2240077CCE6 /* crona */ = {
			isa = PBXFileSystemSynchronizedRootGroup;
			path = crona;
			sourceTree = "<group>";
		};
		F95F395B2FB8B2260077CCE6 /* cronaTests */ = {
			isa = PBXFileSystemSynchronizedRootGroup;
			path = cronaTests;
			sourceTree = "<group>";
		};
		F95F39652FB8B2260077CCE6 /* cronaUITests */ = {
			isa = PBXFileSystemSynchronizedRootGroup;
			path = cronaUITests;
			sourceTree = "<group>";
		};
/* End PBXFileSystemSynchronizedRootGroup section */

/* Begin PBXFrameworksBuildPhase section */
		F95F39462FB8B2240077CCE6 /* Frameworks */ = {
			isa = PBXFrameworksBuildPhase;
			buildActionMask = 2147483647;
			files = (
				F95F39D52FFF00080077CCE6 /* Sparkle in Frameworks */,
			);
			runOnlyForDeploymentPostprocessing = 0;
		};
		F95F39552FB8B2260077CCE6 /* Frameworks */ = {
			isa = PBXFrameworksBuildPhase;
			buildActionMask = 2147483647;
			files = (
			);
			runOnlyForDeploymentPostprocessing = 0;
		};
		F95F395F2FB8B2260077CCE6 /* Frameworks */ = {
			isa = PBXFrameworksBuildPhase;
			buildActionMask = 2147483647;
			files = (
			);
			runOnlyForDeploymentPostprocessing = 0;
		};
/* End PBXFrameworksBuildPhase section */

/* Begin PBXGroup section */
		F95F39402FB8B2240077CCE6 = {
			isa = PBXGroup;
			children = (
				F95F39D12FFF00040077CCE6 /* AppIcon.icon */,
				F95F39CE2FFF00010077CCE6 /* Config/Base.xcconfig */,
				F95F39CF2FFF00020077CCE6 /* Config/Debug.xcconfig */,
				F95F39D02FFF00030077CCE6 /* Config/Release.xcconfig */,
				F95F394B2FB8B2240077CCE6 /* crona */,
				F95F395B2FB8B2260077CCE6 /* cronaTests */,
				F95F39652FB8B2260077CCE6 /* cronaUITests */,
				F95F394A2FB8B2240077CCE6 /* Products */,
			);
			sourceTree = "<group>";
		};
		F95F394A2FB8B2240077CCE6 /* Products */ = {
			isa = PBXGroup;
			children = (
				F95F39492FB8B2240077CCE6 /* crona.app */,
				F95F39582FB8B2260077CCE6 /* cronaTests.xctest */,
				F95F39622FB8B2260077CCE6 /* cronaUITests.xctest */,
			);
			name = Products;
			sourceTree = "<group>";
		};
/* End PBXGroup section */

/* Begin PBXNativeTarget section */
		F95F39482FB8B2240077CCE6 /* crona */ = {
			isa = PBXNativeTarget;
			buildConfigurationList = F95F396C2FB8B2260077CCE6 /* Build configuration list for PBXNativeTarget "crona" */;
			buildPhases = (
				F95F39452FB8B2240077CCE6 /* Sources */,
				F95F39462FB8B2240077CCE6 /* Frameworks */,
				F95F39472FB8B2240077CCE6 /* Resources */,
			);
			buildRules = (
			);
			dependencies = (
			);
			fileSystemSynchronizedGroups = (
				F95F394B2FB8B2240077CCE6 /* crona */,
			);
			name = crona;
			packageProductDependencies = (
				F95F39D42FFF00070077CCE6 /* Sparkle */,
			);
			productName = crona;
			productReference = F95F39492FB8B2240077CCE6 /* crona.app */;
			productType = "com.apple.product-type.application";
		};
		F95F39572FB8B2260077CCE6 /* cronaTests */ = {
			isa = PBXNativeTarget;
			buildConfigurationList = F95F396F2FB8B2260077CCE6 /* Build configuration list for PBXNativeTarget "cronaTests" */;
			buildPhases = (
				F95F39542FB8B2260077CCE6 /* Sources */,
				F95F39552FB8B2260077CCE6 /* Frameworks */,
				F95F39562FB8B2260077CCE6 /* Resources */,
			);
			buildRules = (
			);
			dependencies = (
				F95F395A2FB8B2260077CCE6 /* PBXTargetDependency */,
			);
			fileSystemSynchronizedGroups = (
				F95F395B2FB8B2260077CCE6 /* cronaTests */,
			);
			name = cronaTests;
			packageProductDependencies = (
			);
			productName = cronaTests;
			productReference = F95F39582FB8B2260077CCE6 /* cronaTests.xctest */;
			productType = "com.apple.product-type.bundle.unit-test";
		};
		F95F39612FB8B2260077CCE6 /* cronaUITests */ = {
			isa = PBXNativeTarget;
			buildConfigurationList = F95F39722FB8B2260077CCE6 /* Build configuration list for PBXNativeTarget "cronaUITests" */;
			buildPhases = (
				F95F395E2FB8B2260077CCE6 /* Sources */,
				F95F395F2FB8B2260077CCE6 /* Frameworks */,
				F95F39602FB8B2260077CCE6 /* Resources */,
			);
			buildRules = (
			);
			dependencies = (
				F95F39642FB8B2260077CCE6 /* PBXTargetDependency */,
			);
			fileSystemSynchronizedGroups = (
				F95F39652FB8B2260077CCE6 /* cronaUITests */,
			);
			name = cronaUITests;
			packageProductDependencies = (
			);
			productName = cronaUITests;
			productReference = F95F39622FB8B2260077CCE6 /* cronaUITests.xctest */;
			productType = "com.apple.product-type.bundle.ui-testing";
		};
/* End PBXNativeTarget section */

/* Begin PBXProject section */
		F95F39412FB8B2240077CCE6 /* Project object */ = {
			isa = PBXProject;
			attributes = {
				BuildIndependentTargetsInParallel = 1;
				LastSwiftUpdateCheck = 2610;
				LastUpgradeCheck = 2700;
				TargetAttributes = {
					F95F39482FB8B2240077CCE6 = {
						CreatedOnToolsVersion = 26.1;
					};
					F95F39572FB8B2260077CCE6 = {
						CreatedOnToolsVersion = 26.1;
						TestTargetID = F95F39482FB8B2240077CCE6;
					};
					F95F39612FB8B2260077CCE6 = {
						CreatedOnToolsVersion = 26.1;
						TestTargetID = F95F39482FB8B2240077CCE6;
					};
				};
			};
			buildConfigurationList = F95F39442FB8B2240077CCE6 /* Build configuration list for PBXProject "crona" */;
			developmentRegion = en;
			hasScannedForEncodings = 0;
			knownRegions = (
				en,
				Base,
			);
			mainGroup = F95F39402FB8B2240077CCE6;
			minimizedProjectReferenceProxies = 1;
			preferredProjectObjectVersion = 77;
			productRefGroup = F95F394A2FB8B2240077CCE6 /* Products */;
			packageReferences = (
				F95F39D32FFF00060077CCE6 /* XCRemoteSwiftPackageReference "Sparkle" */,
			);
			projectDirPath = "";
			projectRoot = "";
			targets = (
				F95F39482FB8B2240077CCE6 /* crona */,
				F95F39572FB8B2260077CCE6 /* cronaTests */,
				F95F39612FB8B2260077CCE6 /* cronaUITests */,
			);
		};
/* End PBXProject section */

/* Begin PBXResourcesBuildPhase section */
		F95F39472FB8B2240077CCE6 /* Resources */ = {
			isa = PBXResourcesBuildPhase;
			buildActionMask = 2147483647;
			files = (
				F95F39D22FFF00050077CCE6 /* AppIcon.icon in Resources */,
			);
			runOnlyForDeploymentPostprocessing = 0;
		};
		F95F39562FB8B2260077CCE6 /* Resources */ = {
			isa = PBXResourcesBuildPhase;
			buildActionMask = 2147483647;
			files = (
			);
			runOnlyForDeploymentPostprocessing = 0;
		};
		F95F39602FB8B2260077CCE6 /* Resources */ = {
			isa = PBXResourcesBuildPhase;
			buildActionMask = 2147483647;
			files = (
			);
			runOnlyForDeploymentPostprocessing = 0;
		};
/* End PBXResourcesBuildPhase section */

/* Begin PBXSourcesBuildPhase section */
		F95F39452FB8B2240077CCE6 /* Sources */ = {
			isa = PBXSourcesBuildPhase;
			buildActionMask = 2147483647;
			files = (
			);
			runOnlyForDeploymentPostprocessing = 0;
		};
		F95F39542FB8B2260077CCE6 /* Sources */ = {
			isa = PBXSourcesBuildPhase;
			buildActionMask = 2147483647;
			files = (
			);
			runOnlyForDeploymentPostprocessing = 0;
		};
		F95F395E2FB8B2260077CCE6 /* Sources */ = {
			isa = PBXSourcesBuildPhase;
			buildActionMask = 2147483647;
			files = (
			);
			runOnlyForDeploymentPostprocessing = 0;
		};
/* End PBXSourcesBuildPhase section */

/* Begin PBXTargetDependency section */
		F95F395A2FB8B2260077CCE6 /* PBXTargetDependency */ = {
			isa = PBXTargetDependency;
			target = F95F39482FB8B2240077CCE6 /* crona */;
			targetProxy = F95F39592FB8B2260077CCE6 /* PBXContainerItemProxy */;
		};
		F95F39642FB8B2260077CCE6 /* PBXTargetDependency */ = {
			isa = PBXTargetDependency;
			target = F95F39482FB8B2240077CCE6 /* crona */;
			targetProxy = F95F39632FB8B2260077CCE6 /* PBXContainerItemProxy */;
		};
/* End PBXTargetDependency section */

/* Begin XCBuildConfiguration section */
		F95F396A2FB8B2260077CCE6 /* Debug */ = {
			isa = XCBuildConfiguration;
			buildSettings = {
				ALWAYS_SEARCH_USER_PATHS = NO;
				ASSETCATALOG_COMPILER_GENERATE_SWIFT_ASSET_SYMBOL_EXTENSIONS = YES;
				CLANG_ANALYZER_NONNULL = YES;
				CLANG_ANALYZER_NUMBER_OBJECT_CONVERSION = YES_AGGRESSIVE;
				CLANG_CXX_LANGUAGE_STANDARD = "gnu++20";
				CLANG_ENABLE_MODULES = YES;
				CLANG_ENABLE_OBJC_ARC = YES;
				CLANG_ENABLE_OBJC_WEAK = YES;
				CLANG_WARN_BLOCK_CAPTURE_AUTORELEASING = YES;
				CLANG_WARN_BOOL_CONVERSION = YES;
				CLANG_WARN_COMMA = YES;
				CLANG_WARN_CONSTANT_CONVERSION = YES;
				CLANG_WARN_DEPRECATED_OBJC_IMPLEMENTATIONS = YES;
				CLANG_WARN_DIRECT_OBJC_ISA_USAGE = YES_ERROR;
				CLANG_WARN_DOCUMENTATION_COMMENTS = YES;
				CLANG_WARN_EMPTY_BODY = YES;
				CLANG_WARN_ENUM_CONVERSION = YES;
				CLANG_WARN_INFINITE_RECURSION = YES;
				CLANG_WARN_INT_CONVERSION = YES;
				CLANG_WARN_NON_LITERAL_NULL_CONVERSION = YES;
				CLANG_WARN_OBJC_IMPLICIT_RETAIN_SELF = YES;
				CLANG_WARN_OBJC_LITERAL_CONVERSION = YES;
				CLANG_WARN_OBJC_ROOT_CLASS = YES_ERROR;
				CLANG_WARN_QUOTED_INCLUDE_IN_FRAMEWORK_HEADER = YES;
				CLANG_WARN_RANGE_LOOP_ANALYSIS = YES;
				CLANG_WARN_STRICT_PROTOTYPES = YES;
				CLANG_WARN_SUSPICIOUS_MOVE = YES;
				CLANG_WARN_UNGUARDED_AVAILABILITY = YES_AGGRESSIVE;
				CLANG_WARN_UNREACHABLE_CODE = YES;
				CLANG_WARN__DUPLICATE_METHOD_MATCH = YES;
				COPY_PHASE_STRIP = NO;
				DEAD_CODE_STRIPPING = YES;
				DEBUG_INFORMATION_FORMAT = dwarf;
				DEVELOPMENT_TEAM = 8QB9GBLWP5;
				ENABLE_STRICT_OBJC_MSGSEND = YES;
				ENABLE_TESTABILITY = YES;
				ENABLE_USER_SCRIPT_SANDBOXING = NO;
				GCC_C_LANGUAGE_STANDARD = gnu17;
				GCC_DYNAMIC_NO_PIC = NO;
				GCC_NO_COMMON_BLOCKS = YES;
				GCC_OPTIMIZATION_LEVEL = 0;
				GCC_PREPROCESSOR_DEFINITIONS = (
					"DEBUG=1",
					"$(inherited)",
				);
				GCC_WARN_64_TO_32_BIT_CONVERSION = YES;
				GCC_WARN_ABOUT_RETURN_TYPE = YES_ERROR;
				GCC_WARN_UNDECLARED_SELECTOR = YES;
				GCC_WARN_UNINITIALIZED_AUTOS = YES_AGGRESSIVE;
				GCC_WARN_UNUSED_FUNCTION = YES;
				GCC_WARN_UNUSED_VARIABLE = YES;
				LOCALIZATION_PREFERS_STRING_CATALOGS = YES;
				MACOSX_DEPLOYMENT_TARGET = 14.0;
				MTL_ENABLE_DEBUG_INFO = INCLUDE_SOURCE;
				MTL_FAST_MATH = YES;
				ONLY_ACTIVE_ARCH = YES;
				SDKROOT = macosx;
				STRING_CATALOG_GENERATE_SYMBOLS = YES;
				SWIFT_ACTIVE_COMPILATION_CONDITIONS = "DEBUG $(inherited)";
				SWIFT_OPTIMIZATION_LEVEL = "-Onone";
			};
			name = Debug;
		};
		F95F396B2FB8B2260077CCE6 /* Release */ = {
			isa = XCBuildConfiguration;
			buildSettings = {
				ALWAYS_SEARCH_USER_PATHS = NO;
				ASSETCATALOG_COMPILER_GENERATE_SWIFT_ASSET_SYMBOL_EXTENSIONS = YES;
				CLANG_ANALYZER_NONNULL = YES;
				CLANG_ANALYZER_NUMBER_OBJECT_CONVERSION = YES_AGGRESSIVE;
				CLANG_CXX_LANGUAGE_STANDARD = "gnu++20";
				CLANG_ENABLE_MODULES = YES;
				CLANG_ENABLE_OBJC_ARC = YES;
				CLANG_ENABLE_OBJC_WEAK = YES;
				CLANG_WARN_BLOCK_CAPTURE_AUTORELEASING = YES;
				CLANG_WARN_BOOL_CONVERSION = YES;
				CLANG_WARN_COMMA = YES;
				CLANG_WARN_CONSTANT_CONVERSION = YES;
				CLANG_WARN_DEPRECATED_OBJC_IMPLEMENTATIONS = YES;
				CLANG_WARN_DIRECT_OBJC_ISA_USAGE = YES_ERROR;
				CLANG_WARN_DOCUMENTATION_COMMENTS = YES;
				CLANG_WARN_EMPTY_BODY = YES;
				CLANG_WARN_ENUM_CONVERSION = YES;
				CLANG_WARN_INFINITE_RECURSION = YES;
				CLANG_WARN_INT_CONVERSION = YES;
				CLANG_WARN_NON_LITERAL_NULL_CONVERSION = YES;
				CLANG_WARN_OBJC_IMPLICIT_RETAIN_SELF = YES;
				CLANG_WARN_OBJC_LITERAL_CONVERSION = YES;
				CLANG_WARN_OBJC_ROOT_CLASS = YES_ERROR;
				CLANG_WARN_QUOTED_INCLUDE_IN_FRAMEWORK_HEADER = YES;
				CLANG_WARN_RANGE_LOOP_ANALYSIS = YES;
				CLANG_WARN_STRICT_PROTOTYPES = YES;
				CLANG_WARN_SUSPICIOUS_MOVE = YES;
				CLANG_WARN_UNGUARDED_AVAILABILITY = YES_AGGRESSIVE;
				CLANG_WARN_UNREACHABLE_CODE = YES;
				CLANG_WARN__DUPLICATE_METHOD_MATCH = YES;
				COPY_PHASE_STRIP = NO;
				DEAD_CODE_STRIPPING = YES;
				DEBUG_INFORMATION_FORMAT = "dwarf-with-dsym";
				DEVELOPMENT_TEAM = 8QB9GBLWP5;
				ENABLE_NS_ASSERTIONS = NO;
				ENABLE_STRICT_OBJC_MSGSEND = YES;
				ENABLE_USER_SCRIPT_SANDBOXING = NO;
				GCC_C_LANGUAGE_STANDARD = gnu17;
				GCC_NO_COMMON_BLOCKS = YES;
				GCC_WARN_64_TO_32_BIT_CONVERSION = YES;
				GCC_WARN_ABOUT_RETURN_TYPE = YES_ERROR;
				GCC_WARN_UNDECLARED_SELECTOR = YES;
				GCC_WARN_UNINITIALIZED_AUTOS = YES_AGGRESSIVE;
				GCC_WARN_UNUSED_FUNCTION = YES;
				GCC_WARN_UNUSED_VARIABLE = YES;
				LOCALIZATION_PREFERS_STRING_CATALOGS = YES;
				MACOSX_DEPLOYMENT_TARGET = 14.0;
				MTL_ENABLE_DEBUG_INFO = NO;
				MTL_FAST_MATH = YES;
				SDKROOT = macosx;
				STRING_CATALOG_GENERATE_SYMBOLS = YES;
				SWIFT_COMPILATION_MODE = wholemodule;
			};
			name = Release;
		};
		F95F396D2FB8B2260077CCE6 /* Debug */ = {
			isa = XCBuildConfiguration;
			baseConfigurationReference = F95F39CF2FFF00020077CCE6 /* Config/Debug.xcconfig */;
			buildSettings = {
				ASSETCATALOG_COMPILER_APPICON_NAME = AppIcon;
				ASSETCATALOG_COMPILER_GLOBAL_ACCENT_COLOR_NAME = AccentColor;
				ASSETCATALOG_COMPILER_INCLUDE_ALL_APPICON_ASSETS = NO;
				CODE_SIGN_STYLE = Automatic;
				COMBINE_HIDPI_IMAGES = YES;
				CURRENT_PROJECT_VERSION = 3;
				DEAD_CODE_STRIPPING = YES;
				DEVELOPMENT_TEAM = 8QB9GBLWP5;
				ENABLE_APP_SANDBOX = NO;
				ENABLE_HARDENED_RUNTIME = YES;
				ENABLE_PREVIEWS = YES;
				ENABLE_USER_SELECTED_FILES = readonly;
				GENERATE_INFOPLIST_FILE = NO;
				INFOPLIST_FILE = "Config/Info-Debug.plist";
				LD_RUNPATH_SEARCH_PATHS = (
					"$(inherited)",
					"@executable_path/../Frameworks",
				);
				MARKETING_VERSION = 1.0.0;
				PRODUCT_BUNDLE_IDENTIFIER = com.webxsid.crona.dev;
				PRODUCT_NAME = "$(TARGET_NAME)";
				REGISTER_APP_GROUPS = YES;
				STRING_CATALOG_GENERATE_SYMBOLS = YES;
				SWIFT_APPROACHABLE_CONCURRENCY = YES;
				SWIFT_DEFAULT_ACTOR_ISOLATION = MainActor;
				SWIFT_EMIT_LOC_STRINGS = YES;
				SWIFT_UPCOMING_FEATURE_MEMBER_IMPORT_VISIBILITY = YES;
				SWIFT_VERSION = 5.0;
			};
			name = Debug;
		};
		F95F396E2FB8B2260077CCE6 /* Release */ = {
			isa = XCBuildConfiguration;
			baseConfigurationReference = F95F39D02FFF00030077CCE6 /* Config/Release.xcconfig */;
			buildSettings = {
				ASSETCATALOG_COMPILER_APPICON_NAME = AppIcon;
				ASSETCATALOG_COMPILER_GLOBAL_ACCENT_COLOR_NAME = AccentColor;
				ASSETCATALOG_COMPILER_INCLUDE_ALL_APPICON_ASSETS = NO;
				CODE_SIGN_STYLE = Automatic;
				COMBINE_HIDPI_IMAGES = YES;
				CURRENT_PROJECT_VERSION = 3;
				DEAD_CODE_STRIPPING = YES;
				DEVELOPMENT_TEAM = 8QB9GBLWP5;
				ENABLE_APP_SANDBOX = NO;
				ENABLE_HARDENED_RUNTIME = YES;
				ENABLE_PREVIEWS = YES;
				ENABLE_USER_SELECTED_FILES = readonly;
				GENERATE_INFOPLIST_FILE = NO;
				INFOPLIST_FILE = "Config/Info-Release.plist";
				LD_RUNPATH_SEARCH_PATHS = (
					"$(inherited)",
					"@executable_path/../Frameworks",
				);
				MARKETING_VERSION = 1.0.0;
				PRODUCT_BUNDLE_IDENTIFIER = com.webxsid.crona;
				PRODUCT_NAME = "$(TARGET_NAME)";
				REGISTER_APP_GROUPS = YES;
				STRING_CATALOG_GENERATE_SYMBOLS = YES;
				SWIFT_APPROACHABLE_CONCURRENCY = YES;
				SWIFT_DEFAULT_ACTOR_ISOLATION = MainActor;
				SWIFT_EMIT_LOC_STRINGS = YES;
				SWIFT_UPCOMING_FEATURE_MEMBER_IMPORT_VISIBILITY = YES;
				SWIFT_VERSION = 5.0;
			};
			name = Release;
		};
		F95F39702FB8B2260077CCE6 /* Debug */ = {
			isa = XCBuildConfiguration;
			buildSettings = {
				BUNDLE_LOADER = "$(TEST_HOST)";
				CODE_SIGN_STYLE = Automatic;
				CURRENT_PROJECT_VERSION = 3;
				DEAD_CODE_STRIPPING = YES;
				DEVELOPMENT_TEAM = 8QB9GBLWP5;
				GENERATE_INFOPLIST_FILE = YES;
				MACOSX_DEPLOYMENT_TARGET = 14.0;
				MARKETING_VERSION = 1.0.0;
				PRODUCT_BUNDLE_IDENTIFIER = com.webxsid.cronaTests;
				PRODUCT_NAME = "$(TARGET_NAME)";
				STRING_CATALOG_GENERATE_SYMBOLS = NO;
				SWIFT_APPROACHABLE_CONCURRENCY = YES;
				SWIFT_EMIT_LOC_STRINGS = NO;
				SWIFT_UPCOMING_FEATURE_MEMBER_IMPORT_VISIBILITY = YES;
				SWIFT_VERSION = 5.0;
				TEST_HOST = "$(BUILT_PRODUCTS_DIR)/crona.app/$(BUNDLE_EXECUTABLE_FOLDER_PATH)/crona";
			};
			name = Debug;
		};
		F95F39712FB8B2260077CCE6 /* Release */ = {
			isa = XCBuildConfiguration;
			buildSettings = {
				BUNDLE_LOADER = "$(TEST_HOST)";
				CODE_SIGN_STYLE = Automatic;
				CURRENT_PROJECT_VERSION = 3;
				DEAD_CODE_STRIPPING = YES;
				DEVELOPMENT_TEAM = 8QB9GBLWP5;
				GENERATE_INFOPLIST_FILE = YES;
				MACOSX_DEPLOYMENT_TARGET = 14.0;
				MARKETING_VERSION = 1.0.0;
				PRODUCT_BUNDLE_IDENTIFIER = com.webxsid.cronaTests;
				PRODUCT_NAME = "$(TARGET_NAME)";
				STRING_CATALOG_GENERATE_SYMBOLS = NO;
				SWIFT_APPROACHABLE_CONCURRENCY = YES;
				SWIFT_EMIT_LOC_STRINGS = NO;
				SWIFT_UPCOMING_FEATURE_MEMBER_IMPORT_VISIBILITY = YES;
				SWIFT_VERSION = 5.0;
				TEST_HOST = "$(BUILT_PRODUCTS_DIR)/crona.app/$(BUNDLE_EXECUTABLE_FOLDER_PATH)/crona";
			};
			name = Release;
		};
		F95F39732FB8B2260077CCE6 /* Debug */ = {
			isa = XCBuildConfiguration;
			buildSettings = {
				CODE_SIGN_STYLE = Automatic;
				CURRENT_PROJECT_VERSION = 3;
				DEAD_CODE_STRIPPING = YES;
				DEVELOPMENT_TEAM = 8QB9GBLWP5;
				GENERATE_INFOPLIST_FILE = YES;
				MARKETING_VERSION = 1.0.0;
				PRODUCT_BUNDLE_IDENTIFIER = com.webxsid.cronaUITests;
				PRODUCT_NAME = "$(TARGET_NAME)";
				STRING_CATALOG_GENERATE_SYMBOLS = NO;
				SWIFT_APPROACHABLE_CONCURRENCY = YES;
				SWIFT_EMIT_LOC_STRINGS = NO;
				SWIFT_UPCOMING_FEATURE_MEMBER_IMPORT_VISIBILITY = YES;
				SWIFT_VERSION = 5.0;
				TEST_TARGET_NAME = crona;
			};
			name = Debug;
		};
		F95F39742FB8B2260077CCE6 /* Release */ = {
			isa = XCBuildConfiguration;
			buildSettings = {
				CODE_SIGN_STYLE = Automatic;
				CURRENT_PROJECT_VERSION = 3;
				DEAD_CODE_STRIPPING = YES;
				DEVELOPMENT_TEAM = 8QB9GBLWP5;
				GENERATE_INFOPLIST_FILE = YES;
				MARKETING_VERSION = 1.0.0;
				PRODUCT_BUNDLE_IDENTIFIER = com.webxsid.cronaUITests;
				PRODUCT_NAME = "$(TARGET_NAME)";
				STRING_CATALOG_GENERATE_SYMBOLS = NO;
				SWIFT_APPROACHABLE_CONCURRENCY = YES;
				SWIFT_EMIT_LOC_STRINGS = NO;
				SWIFT_UPCOMING_FEATURE_MEMBER_IMPORT_VISIBILITY = YES;
				SWIFT_VERSION = 5.0;
				TEST_TARGET_NAME = crona;
			};
			name = Release;
		};
/* End XCBuildConfiguration section */

/* Begin XCConfigurationList section */
		F95F39442FB8B2240077CCE6 /* Build configuration list for PBXProject "crona" */ = {
			isa = XCConfigurationList;
			buildConfigurations = (
				F95F396A2FB8B2260077CCE6 /* Debug */,
				F95F396B2FB8B2260077CCE6 /* Release */,
			);
			defaultConfigurationIsVisible = 0;
			defaultConfigurationName = Debug;
		};
		F95F396C2FB8B2260077CCE6 /* Build configuration list for PBXNativeTarget "crona" */ = {
			isa = XCConfigurationList;
			buildConfigurations = (
				F95F396D2FB8B2260077CCE6 /* Debug */,
				F95F396E2FB8B2260077CCE6 /* Release */,
			);
			defaultConfigurationIsVisible = 0;
			defaultConfigurationName = Debug;
		};
		F95F396F2FB8B2260077CCE6 /* Build configuration list for PBXNativeTarget "cronaTests" */ = {
			isa = XCConfigurationList;
			buildConfigurations = (
				F95F39702FB8B2260077CCE6 /* Debug */,
				F95F39712FB8B2260077CCE6 /* Release */,
			);
			defaultConfigurationIsVisible = 0;
			defaultConfigurationName = Debug;
		};
		F95F39722FB8B2260077CCE6 /* Build configuration list for PBXNativeTarget "cronaUITests" */ = {
			isa = XCConfigurationList;
			buildConfigurations = (
				F95F39732FB8B2260077CCE6 /* Debug */,
				F95F39742FB8B2260077CCE6 /* Release */,
			);
			defaultConfigurationIsVisible = 0;
			defaultConfigurationName = Debug;
		};
/* End XCConfigurationList section */

/* Begin XCRemoteSwiftPackageReference section */
		F95F39D32FFF00060077CCE6 /* XCRemoteSwiftPackageReference "Sparkle" */ = {
			isa = XCRemoteSwiftPackageReference;
			repositoryURL = "https://github.com/sparkle-project/Sparkle";
			requirement = {
				kind = upToNextMajorVersion;
				minimumVersion = 2.9.2;
			};
		};
/* End XCRemoteSwiftPackageReference section */

/* Begin XCSwiftPackageProductDependency section */
		F95F39D42FFF00070077CCE6 /* Sparkle */ = {
			isa = XCSwiftPackageProductDependency;
			package = F95F39D32FFF00060077CCE6 /* XCRemoteSwiftPackageReference "Sparkle" */;
			productName = Sparkle;
		};
/* End XCSwiftPackageProductDependency section */
	};
	rootObject = F95F39412FB8B2240077CCE6 /* Project object */;
}
